// !$*UTF8*$!
{
	archiveVersion = 1;
	classes = {
	};
	objectVersion = 56;
	objects = {

/* Begin PBXBuildFile section */
		228E2B8E2B9EABFD00AEA579 /* ProductModel.swift in Sources */ = {isa = PBXBuildFile; fileRef = 228E2B8D2B9EABFD00AEA579 /* ProductModel.swift */; };
		6B68CFC12B79872E003FED2C /* Bundle-Decodable.swift in Sources */ = {isa = PBXBuildFile; fileRef = 6B68CFC02B79872E003FED2C /* Bundle-Decodable.swift */; };
		6B6B6A1A2B8C082600408A51 /* AddingNewProduct.swift in Sources */ = {isa = PBXBuildFile; fileRef = 6B6B6A192B8C082600408A51 /* AddingNewProduct.swift */; };
		6B9A45972B9A95F400473203 /* ProductDetailView.swift in Sources */ = {isa = PBXBuildFile; fileRef = 6B9A45962B9A95F400473203 /* ProductDetailView.swift */; };
		6BFBD50B2B75915000C7EF06 /* APrice4EverythingApp.swift in Sources */ = {isa = PBXBuildFile; fileRef = 6BFBD50A2B75915000C7EF06 /* APrice4EverythingApp.swift */; };
		6BFBD50D2B75915000C7EF06 /* ContentView.swift in Sources */ = {isa = PBXBuildFile; fileRef = 6BFBD50C2B75915000C7EF06 /* ContentView.swift */; };
		6BFBD50F2B75915400C7EF06 /* Assets.xcassets in Resources */ = {isa = PBXBuildFile; fileRef = 6BFBD50E2B75915400C7EF06 /* Assets.xcassets */; };
		6BFBD5122B75915400C7EF06 /* Preview Assets.xcassets in Resources */ = {isa = PBXBuildFile; fileRef = 6BFBD5112B75915400C7EF06 /* Preview Assets.xcassets */; };
		6BFBD5192B75925B00C7EF06 /* LP2023.json in Resources */ = {isa = PBXBuildFile; fileRef = 6BFBD5182B75925B00C7EF06 /* LP2023.json */; };
		6BFBD51B2B75AB7B00C7EF06 /* Product.swift in Sources */ = {isa = PBXBuildFile; fileRef = 6BFBD51A2B75AB7B00C7EF06 /* Product.swift */; };
/* End PBXBuildFile section */

/* Begin PBXFileReference section */
		228E2B8D2B9EABFD00AEA579 /* ProductModel.swift */ = {isa = PBXFileReference; lastKnownFileType = sourcecode.swift; path = ProductModel.swift; sourceTree = "<group>"; };
		6B68CFC02B79872E003FED2C /* Bundle-Decodable.swift */ = {isa = PBXFileReference; lastKnownFileType = sourcecode.swift; path = "Bundle-Decodable.swift"; sourceTree = "<group>"; };
		6B6B6A192B8C082600408A51 /* AddingNewProduct.swift */ = {isa = PBXFileReference; lastKnownFileType = sourcecode.swift; path = AddingNewProduct.swift; sourceTree = "<group>"; };
		6B9A45962B9A95F400473203 /* ProductDetailView.swift */ = {isa = PBXFileReference; lastKnownFileType = sourcecode.swift; path = ProductDetailView.swift; sourceTree = "<group>"; };
		6BFBD5072B75914F00C7EF06 /* APrice4Everything.app */ = {isa = PBXFileReference; explicitFileType = wrapper.application; includeInIndex = 0; path = APrice4Everything.app; sourceTree = BUILT_PRODUCTS_DIR; };
		6BFBD50A2B75915000C7EF06 /* APrice4EverythingApp.swift */ = {isa = PBXFileReference; lastKnownFileType = sourcecode.swift; path = APrice4EverythingApp.swift; sourceTree = "<group>"; };
		6BFBD50C2B75915000C7EF06 /* ContentView.swift */ = {isa = PBXFileReference; lastKnownFileType = sourcecode.swift; path = ContentView.swift; sourceTree = "<group>"; };
		6BFBD50E2B75915400C7EF06 /* Assets.xcassets */ = {isa = PBXFileReference; lastKnownFileType = folder.assetcatalog; path = Assets.xcassets; sourceTree = "<group>"; };
		6BFBD5112B75915400C7EF06 /* Preview Assets.xcassets */ = {isa = PBXFileReference; lastKnownFileType = folder.assetcatalog; path = "Preview Assets.xcassets"; sourceTree = "<group>"; };
		6BFBD5182B75925B00C7EF06 /* LP2023.json */ = {isa = PBXFileReference; fileEncoding = 4; lastKnownFileType = text.json; path = LP2023.json; sourceTree = "<group>"; };
		6BFBD51A2B75AB7B00C7EF06 /* Product.swift */ = {isa = PBXFileReference; lastKnownFileType = sourcecode.swift; path = Product.swift; sourceTree = "<group>"; };
/* End PBXFileReference section */

/* Begin PBXFrameworksBuildPhase section */
		6BFBD5042B75914F00C7EF06 /* Frameworks */ = {
			isa = PBXFrameworksBuildPhase;
			buildActionMask = 2147483647;
			files = (
			);
			runOnlyForDeploymentPostprocessing = 0;
		};
/* End PBXFrameworksBuildPhase section */

/* Begin PBXGroup section */
		228E2B8C2B9EABEE00AEA579 /* Model */ = {
			isa = PBXGroup;
			children = (
				228E2B8D2B9EABFD00AEA579 /* ProductModel.swift */,
			);
			path = Model;
			sourceTree = "<group>";
		};
		6BFBD4FE2B75914F00C7EF06 = {
			isa = PBXGroup;
			children = (
				6BFBD5092B75914F00C7EF06 /* APrice4Everything */,
				6BFBD5082B75914F00C7EF06 /* Products */,
			);
			sourceTree = "<group>";
		};
		6BFBD5082B75914F00C7EF06 /* Products */ = {
			isa = PBXGroup;
			children = (
				6BFBD5072B75914F00C7EF06 /* APrice4Everything.app */,
			);
			name = Products;
			sourceTree = "<group>";
		};
		6BFBD5092B75914F00C7EF06 /* APrice4Everything */ = {
			isa = PBXGroup;
			children = (
				228E2B8C2B9EABEE00AEA579 /* Model */,
				6BFBD50A2B75915000C7EF06 /* APrice4EverythingApp.swift */,
				6BFBD50C2B75915000C7EF06 /* ContentView.swift */,
				6B6B6A192B8C082600408A51 /* AddingNewProduct.swift */,
				6B9A45962B9A95F400473203 /* ProductDetailView.swift */,
				6B68CFC02B79872E003FED2C /* Bundle-Decodable.swift */,
				6BFBD51A2B75AB7B00C7EF06 /* Product.swift */,
				6BFBD5182B75925B00C7EF06 /* LP2023.json */,
				6BFBD50E2B75915400C7EF06 /* Assets.xcassets */,
				6BFBD5102B75915400C7EF06 /* Preview Content */,
			);
			path = APrice4Everything;
			sourceTree = "<group>";
		};
		6BFBD5102B75915400C7EF06 /* Preview Content */ = {
			isa = PBXGroup;
			children = (
				6BFBD5112B75915400C7EF06 /* Preview Assets.xcassets */,
			);
			path = "Preview Content";
			sourceTree = "<group>";
		};
/* End PBXGroup section */

/* Begin PBXNativeTarget section */
		6BFBD5062B75914F00C7EF06 /* APrice4Everything */ = {
			isa = PBXNativeTarget;
			buildConfigurationList = 6BFBD5152B75915400C7EF06 /* Build configuration list for PBXNativeTarget "APrice4Everything" */;
			buildPhases = (
				6BFBD5032B75914F00C7EF06 /* Sources */,
				6BFBD5042B75914F00C7EF06 /* Frameworks */,
				6BFBD5052B75914F00C7EF06 /* Resources */,
			);
			buildRules = (
			);
			dependencies = (
			);
			name = APrice4Everything;
			productName = APrice4Everything;
			productReference = 6BFBD5072B75914F00C7EF06 /* APrice4Everything.app */;
			productType = "com.apple.product-type.application";
		};
/* End PBXNativeTarget section */

/* Begin PBXProject section */
		6BFBD4FF2B75914F00C7EF06 /* Project object */ = {
			isa = PBXProject;
			attributes = {
				BuildIndependentTargetsInParallel = 1;
				LastSwiftUpdateCheck = 1520;
				LastUpgradeCheck = 1520;
				TargetAttributes = {
					6BFBD5062B75914F00C7EF06 = {
						CreatedOnToolsVersion = 15.2;
					};
				};
			};
			buildConfigurationList = 6BFBD5022B75914F00C7EF06 /* Build configuration list for PBXProject "APrice4Everything" */;
			compatibilityVersion = "Xcode 14.0";
			developmentRegion = en;
			hasScannedForEncodings = 0;
			knownRegions = (
				en,
				Base,
			);
			mainGroup = 6BFBD4FE2B75914F00C7EF06;
			productRefGroup = 6BFBD5082B75914F00C7EF06 /* Products */;
			projectDirPath = "";
			projectRoot = "";
			targets = (
				6BFBD5062B75914F00C7EF06 /* APrice4Everything */,
			);
		};
/* End PBXProject section */

/* Begin PBXResourcesBuildPhase section */
		6BFBD5052B75914F00C7EF06 /* Resources */ = {
			isa = PBXResourcesBuildPhase;
			buildActionMask = 2147483647;
			files = (
				6BFBD5122B75915400C7EF06 /* Preview Assets.xcassets in Resources */,
				6BFBD50F2B75915400C7EF06 /* Assets.xcassets in Resources */,
				6BFBD5192B75925B00C7EF06 /* LP2023.json in Resources */,
			);
			runOnlyForDeploymentPostprocessing = 0;
		};
/* End PBXResourcesBuildPhase section */

/* Begin PBXSourcesBuildPhase section */
		6BFBD5032B75914F00C7EF06 /* Sources */ = {
			isa = PBXSourcesBuildPhase;
			buildActionMask = 2147483647;
			files = (
				6BFBD50D2B75915000C7EF06 /* ContentView.swift in Sources */,
				6BFBD50B2B75915000C7EF06 /* APrice4EverythingApp.swift in Sources */,
				6BFBD51B2B75AB7B00C7EF06 /* Product.swift in Sources */,
				6B68CFC12B79872E003FED2C /* Bundle-Decodable.swift in Sources */,
				6B6B6A1A2B8C082600408A51 /* AddingNewProduct.swift in Sources */,
				228E2B8E2B9EABFD00AEA579 /* ProductModel.swift in Sources */,
				6B9A45972B9A95F400473203 /* ProductDetailView.swift in Sources */,
			);
			runOnlyForDeploymentPostprocessing = 0;
		};
/* End PBXSourcesBuildPhase section */

/* Begin XCBuildConfiguration section */
		6BFBD5132B75915400C7EF06 /* Debug */ = {
			isa = XCBuildConfiguration;
			buildSettings = {
				ALWAYS_SEARCH_USER_PATHS = NO;
				ASSETCATALOG_COMPILER_GENERATE_SWIFT_ASSET_SYMBOL_EXTENSIONS = YES;
				CLANG_ANALYZER_NONNULL = YES;
				CLANG_ANALYZER_NUMBER_OBJECT_CONVERSION = YES_AGGRESSIVE;
				CLANG_CXX_LANGUAGE_STANDARD = "gnu++20";
				CLANG_ENABLE_MODULES = YES;
				CLANG_ENABLE_OBJC_ARC = YES;
				CLANG_ENABLE_OBJC_WEAK = YES;
				CLANG_WARN_BLOCK_CAPTURE_AUTORELEASING = YES;
				CLANG_WARN_BOOL_CONVERSION = YES;
				CLANG_WARN_COMMA = YES;
				CLANG_WARN_CONSTANT_CONVERSION = YES;
				CLANG_WARN_DEPRECATED_OBJC_IMPLEMENTATIONS = YES;
				CLANG_WARN_DIRECT_OBJC_ISA_USAGE = YES_ERROR;
				CLANG_WARN_DOCUMENTATION_COMMENTS = YES;
				CLANG_WARN_EMPTY_BODY = YES;
				CLANG_WARN_ENUM_CONVERSION = YES;
				CLANG_WARN_INFINITE_RECURSION = YES;
				CLANG_WARN_INT_CONVERSION = YES;
				CLANG_WARN_NON_LITERAL_NULL_CONVERSION = YES;
				CLANG_WARN_OBJC_IMPLICIT_RETAIN_SELF = YES;
				CLANG_WARN_OBJC_LITERAL_CONVERSION = YES;
				CLANG_WARN_OBJC_ROOT_CLASS = YES_ERROR;
				CLANG_WARN_QUOTED_INCLUDE_IN_FRAMEWORK_HEADER = YES;
				CLANG_WARN_RANGE_LOOP_ANALYSIS = YES;
				CLANG_WARN_STRICT_PROTOTYPES = YES;
				CLANG_WARN_SUSPICIOUS_MOVE = YES;
				CLANG_WARN_UNGUARDED_AVAILABILITY = YES_AGGRESSIVE;
				CLANG_WARN_UNREACHABLE_CODE = YES;
				CLANG_WARN__DUPLICATE_METHOD_MATCH = YES;
				COPY_PHASE_STRIP = NO;
				DEBUG_INFORMATION_FORMAT = dwarf;
				ENABLE_STRICT_OBJC_MSGSEND = YES;
				ENABLE_TESTABILITY = YES;
				ENABLE_USER_SCRIPT_SANDBOXING = YES;
				GCC_C_LANGUAGE_STANDARD = gnu17;
				GCC_DYNAMIC_NO_PIC = NO;
				GCC_NO_COMMON_BLOCKS = YES;
				GCC_OPTIMIZATION_LEVEL = 0;
				GCC_PREPROCESSOR_DEFINITIONS = (
					"DEBUG=1",
					"$(inherited)",
				);
				GCC_WARN_64_TO_32_BIT_CONVERSION = YES;
				GCC_WARN_ABOUT_RETURN_TYPE = YES_ERROR;
				GCC_WARN_UNDECLARED_SELECTOR = YES;
				GCC_WARN_UNINITIALIZED_AUTOS = YES_AGGRESSIVE;
				GCC_WARN_UNUSED_FUNCTION = YES;
				GCC_WARN_UNUSED_VARIABLE = YES;
				IPHONEOS_DEPLOYMENT_TARGET = 17.2;
				LOCALIZATION_PREFERS_STRING_CATALOGS = YES;
				MTL_ENABLE_DEBUG_INFO = INCLUDE_SOURCE;
				MTL_FAST_MATH = YES;
				ONLY_ACTIVE_ARCH = YES;
				SDKROOT = iphoneos;
				SWIFT_ACTIVE_COMPILATION_CONDITIONS = "DEBUG $(inherited)";
				SWIFT_OPTIMIZATION_LEVEL = "-Onone";
			};
			name = Debug;
		};
		6BFBD5142B75915400C7EF06 /* Release */ = {
			isa = XCBuildConfiguration;
			buildSettings = {
				ALWAYS_SEARCH_USER_PATHS = NO;
				ASSETCATALOG_COMPILER_GENERATE_SWIFT_ASSET_SYMBOL_EXTENSIONS = YES;
				CLANG_ANALYZER_NONNULL = YES;
				CLANG_ANALYZER_NUMBER_OBJECT_CONVERSION = YES_AGGRESSIVE;
				CLANG_CXX_LANGUAGE_STANDARD = "gnu++20";
				CLANG_ENABLE_MODULES = YES;
				CLANG_ENABLE_OBJC_ARC = YES;
				CLANG_ENABLE_OBJC_WEAK = YES;
				CLANG_WARN_BLOCK_CAPTURE_AUTORELEASING = YES;
				CLANG_WARN_BOOL_CONVERSION = YES;
				CLANG_WARN_COMMA = YES;
				CLANG_WARN_CONSTANT_CONVERSION = YES;
				CLANG_WARN_DEPRECATED_OBJC_IMPLEMENTATIONS = YES;
				CLANG_WARN_DIRECT_OBJC_ISA_USAGE = YES_ERROR;
				CLANG_WARN_DOCUMENTATION_COMMENTS = YES;
				CLANG_WARN_EMPTY_BODY = YES;
				CLANG_WARN_ENUM_CONVERSION = YES;
				CLANG_WARN_INFINITE_RECURSION = YES;
				CLANG_WARN_INT_CONVERSION = YES;
				CLANG_WARN_NON_LITERAL_NULL_CONVERSION = YES;
				CLANG_WARN_OBJC_IMPLICIT_RETAIN_SELF = YES;
				CLANG_WARN_OBJC_LITERAL_CONVERSION = YES;
				CLANG_WARN_OBJC_ROOT_CLASS = YES_ERROR;
				CLANG_WARN_QUOTED_INCLUDE_IN_FRAMEWORK_HEADER = YES;
				CLANG_WARN_RANGE_LOOP_ANALYSIS = YES;
				CLANG_WARN_STRICT_PROTOTYPES = YES;
				CLANG_WARN_SUSPICIOUS_MOVE = YES;
				CLANG_WARN_UNGUARDED_AVAILABILITY = YES_AGGRESSIVE;
				CLANG_WARN_UNREACHABLE_CODE = YES;
				CLANG_WARN__DUPLICATE_METHOD_MATCH = YES;
				COPY_PHASE_STRIP = NO;
				DEBUG_INFORMATION_FORMAT = "dwarf-with-dsym";
				ENABLE_NS_ASSERTIONS = NO;
				ENABLE_STRICT_OBJC_MSGSEND = YES;
				ENABLE_USER_SCRIPT_SANDBOXING = YES;
				GCC_C_LANGUAGE_STANDARD = gnu17;
				GCC_NO_COMMON_BLOCKS = YES;
				GCC_WARN_64_TO_32_BIT_CONVERSION = YES;
				GCC_WARN_ABOUT_RETURN_TYPE = YES_ERROR;
				GCC_WARN_UNDECLARED_SELECTOR = YES;
				GCC_WARN_UNINITIALIZED_AUTOS = YES_AGGRESSIVE;
				GCC_WARN_UNUSED_FUNCTION = YES;
				GCC_WARN_UNUSED_VARIABLE = YES;
				IPHONEOS_DEPLOYMENT_TARGET = 17.2;
				LOCALIZATION_PREFERS_STRING_CATALOGS = YES;
				MTL_ENABLE_DEBUG_INFO = NO;
				MTL_FAST_MATH = YES;
				SDKROOT = iphoneos;
				SWIFT_COMPILATION_MODE = wholemodule;
				VALIDATE_PRODUCT = YES;
			};
			name = Release;
		};
		6BFBD5162B75915400C7EF06 /* Debug */ = {
			isa = XCBuildConfiguration;
			buildSettings = {
				ASSETCATALOG_COMPILER_APPICON_NAME = AppIcon;
				ASSETCATALOG_COMPILER_GLOBAL_ACCENT_COLOR_NAME = AccentColor;
				CODE_SIGN_STYLE = Automatic;
				CURRENT_PROJECT_VERSION = 1;
				DEVELOPMENT_ASSET_PATHS = "\"APrice4Everything/Preview Content\"";
				DEVELOPMENT_TEAM = 2U49T83TPH;
				ENABLE_PREVIEWS = YES;
				GENERATE_INFOPLIST_FILE = YES;
				INFOPLIST_KEY_UIApplicationSceneManifest_Generation = YES;
				INFOPLIST_KEY_UIApplicationSupportsIndirectInputEvents = YES;
				INFOPLIST_KEY_UILaunchScreen_Generation = YES;
				INFOPLIST_KEY_UISupportedInterfaceOrientations_iPad = "UIInterfaceOrientationPortrait UIInterfaceOrientationPortraitUpsideDown UIInterfaceOrientationLandscapeLeft UIInterfaceOrientationLandscapeRight";
				INFOPLIST_KEY_UISupportedInterfaceOrientations_iPhone = "UIInterfaceOrientationPortrait UIInterfaceOrientationLandscapeLeft UIInterfaceOrientationLandscapeRight";
				LD_RUNPATH_SEARCH_PATHS = (
					"$(inherited)",
					"@executable_path/Frameworks",
				);
				MARKETING_VERSION = 1.0;
				PRODUCT_BUNDLE_IDENTIFIER = com.willcamac.APrice4Everything;
				PRODUCT_NAME = "$(TARGET_NAME)";
				SWIFT_EMIT_LOC_STRINGS = YES;
				SWIFT_VERSION = 5.0;
				TARGETED_DEVICE_FAMILY = "1,2";
			};
			name = Debug;
		};
		6BFBD5172B75915400C7EF06 /* Release */ = {
			isa = XCBuildConfiguration;
			buildSettings = {
				ASSETCATALOG_COMPILER_APPICON_NAME = AppIcon;
				ASSETCATALOG_COMPILER_GLOBAL_ACCENT_COLOR_NAME = AccentColor;
				CODE_SIGN_STYLE = Automatic;
				CURRENT_PROJECT_VERSION = 1;
				DEVELOPMENT_ASSET_PATHS = "\"APrice4Everything/Preview Content\"";
				DEVELOPMENT_TEAM = 2U49T83TPH;
				ENABLE_PREVIEWS = YES;
				GENERATE_INFOPLIST_FILE = YES;
				INFOPLIST_KEY_UIApplicationSceneManifest_Generation = YES;
				INFOPLIST_KEY_UIApplicationSupportsIndirectInputEvents = YES;
				INFOPLIST_KEY_UILaunchScreen_Generation = YES;
				INFOPLIST_KEY_UISupportedInterfaceOrientations_iPad = "UIInterfaceOrientationPortrait UIInterfaceOrientationPortraitUpsideDown UIInterfaceOrientationLandscapeLeft UIInterfaceOrientationLandscapeRight";
				INFOPLIST_KEY_UISupportedInterfaceOrientations_iPhone = "UIInterfaceOrientationPortrait UIInterfaceOrientationLandscapeLeft UIInterfaceOrientationLandscapeRight";
				LD_RUNPATH_SEARCH_PATHS = (
					"$(inherited)",
					"@executable_path/Frameworks",
				);
				MARKETING_VERSION = 1.0;
				PRODUCT_BUNDLE_IDENTIFIER = com.willcamac.APrice4Everything;
				PRODUCT_NAME = "$(TARGET_NAME)";
				SWIFT_EMIT_LOC_STRINGS = YES;
				SWIFT_VERSION = 5.0;
				TARGETED_DEVICE_FAMILY = "1,2";
			};
			name = Release;
		};
/* End XCBuildConfiguration section */

/* Begin XCConfigurationList section */
		6BFBD5022B75914F00C7EF06 /* Build configuration list for PBXProject "APrice4Everything" */ = {
			isa = XCConfigurationList;
			buildConfigurations = (
				6BFBD5132B75915400C7EF06 /* Debug */,
				6BFBD5142B75915400C7EF06 /* Release */,
			);
			defaultConfigurationIsVisible = 0;
			defaultConfigurationName = Release;
		};
		6BFBD5152B75915400C7EF06 /* Build configuration list for PBXNativeTarget "APrice4Everything" */ = {
			isa = XCConfigurationList;
			buildConfigurations = (
				6BFBD5162B75915400C7EF06 /* Debug */,
				6BFBD5172B75915400C7EF06 /* Release */,
			);
			defaultConfigurationIsVisible = 0;
			defaultConfigurationName = Release;
		};
/* End XCConfigurationList section */
	};
	rootObject = 6BFBD4FF2B75914F00C7EF06 /* Project object */;
}
